
Microsoft Visual Studio Solution File, Format Version 12.00
# Visual Studio Version 16
VisualStudioVersion = 16.0.29613.14
MinimumVisualStudioVersion = 10.0.40219.1
Project("{FAE04EC0-301F-11D3-BF4B-00C04F79EFBC}") = "AspNetCoreReact", "AspNetCoreReact\AspNetCoreReact.csproj", "{3F39C471-54E0-4303-B126-1BBA386ED791}"
EndProject
Global
	GlobalSection(SolutionConfigurationPlatforms) = preSolution
		Debug|Any CPU = Debug|Any CPU
		Release|Any CPU = Release|Any CPU
	EndGlobalSection
	GlobalSection(ProjectConfigurationPlatforms) = postSolution
		{3F39C471-54E0-4303-B126-1BBA386ED791}.Debug|Any CPU.ActiveCfg = Debug|Any CPU
		{3F39C471-54E0-4303-B126-1BBA386ED791}.Debug|Any CPU.Build.0 = Debug|Any CPU
		{3F39C471-54E0-4303-B126-1BBA386ED791}.Release|Any CPU.ActiveCfg = Release|Any CPU
		{3F39C471-54E0-4303-B126-1BBA386ED791}.Release|Any CPU.Build.0 = Release|Any CPU
	EndGlobalSection
	GlobalSection(SolutionProperties) = preSolution
		HideSolutionNode = FALSE
	EndGlobalSection
	GlobalSection(ExtensibilityGlobals) = postSolution
		SolutionGuid = {3DB5137A-678E-474E-9F0D-CD907863737A}
	EndGlobalSection
EndGlobal
